PODS:
  - Flutter (1.0.0)
  - flutter_ffmpeg (0.4.2):
    - Flutter
    - flutter_ffmpeg/https (= 0.4.2)
  - flutter_ffmpeg/https (0.4.2):
    - Flutter
    - mobile-ffmpeg-https (= 4.4)
  - FMDB (2.7.5):
    - FMDB/standard (= 2.7.5)
  - FMDB/standard (2.7.5)
  - mobile-ffmpeg-https (4.4)
  - path_provider_foundation (0.0.1):
    - Flutter
    - FlutterMacOS
  - sqflite (0.0.3):
    - Flutter
    - FMDB (>= 2.7.5)

DEPENDENCIES:
  - Flutter (from `Flutter`)
  - flutter_ffmpeg (from `.symlinks/plugins/flutter_ffmpeg/ios`)
  - path_provider_foundation (from `.symlinks/plugins/path_provider_foundation/darwin`)
  - sqflite (from `.symlinks/plugins/sqflite/ios`)

SPEC REPOS:
  trunk:
    - FMDB
    - mobile-ffmpeg-https

EXTERNAL SOURCES:
  Flutter:
    :path: Flutter
  flutter_ffmpeg:
    :path: ".symlinks/plugins/flutter_ffmpeg/ios"
  path_provider_foundation:
    :path: ".symlinks/plugins/path_provider_foundation/darwin"
  sqflite:
    :path: ".symlinks/plugins/sqflite/ios"

SPEC CHECKSUMS:
  Flutter: f04841e97a9d0b0a8025694d0796dd46242b2854
  flutter_ffmpeg: 3ec3912c74649851e6c3b1885511eef78142ac4f
  FMDB: 2ce00b547f966261cd18927a3ddb07cb6f3db82a
  mobile-ffmpeg-https: 311fc4a8f671cf36d1d6b8f421e8246b790978d9
  path_provider_foundation: 29f094ae23ebbca9d3d0cec13889cd9060c0e943
  sqflite: 31f7eba61e3074736dff8807a9b41581e4f7f15a

PODFILE CHECKSUM: 70d9d25280d0dd177a5f637cdb0f0b0b12c6a189

COCOAPODS: 1.12.1
